
Microsoft Visual Studio Solution File, Format Version 12.00
# Visual Studio Version 17
VisualStudioVersion = 17.7.34031.279
MinimumVisualStudioVersion = 10.0.40219.1
Project("{8BC9CEB8-8B4A-11D0-8D11-00A0C91BC942}") = "Lab_2", "Lab_2\Lab_2.vcxproj", "{875D74E6-2191-4389-8B62-567D22A46F57}"
EndProject
Global
	GlobalSection(SolutionConfigurationPlatforms) = preSolution
		Debug|x64 = Debug|x64
		Debug|x86 = Debug|x86
		Release|x64 = Release|x64
		Release|x86 = Release|x86
	EndGlobalSection
	GlobalSection(ProjectConfigurationPlatforms) = postSolution
		{875D74E6-2191-4389-8B62-567D22A46F57}.Debug|x64.ActiveCfg = Debug|x64
		{875D74E6-2191-4389-8B62-567D22A46F57}.Debug|x64.Build.0 = Debug|x64
		{875D74E6-2191-4389-8B62-567D22A46F57}.Debug|x86.ActiveCfg = Debug|Win32
		{875D74E6-2191-4389-8B62-567D22A46F57}.Debug|x86.Build.0 = Debug|Win32
		{875D74E6-2191-4389-8B62-567D22A46F57}.Release|x64.ActiveCfg = Release|x64
		{875D74E6-2191-4389-8B62-567D22A46F57}.Release|x64.Build.0 = Release|x64
		{875D74E6-2191-4389-8B62-567D22A46F57}.Release|x86.ActiveCfg = Release|Win32
		{875D74E6-2191-4389-8B62-567D22A46F57}.Release|x86.Build.0 = Release|Win32
	EndGlobalSection
	GlobalSection(SolutionProperties) = preSolution
		HideSolutionNode = FALSE
	EndGlobalSection
	GlobalSection(ExtensibilityGlobals) = postSolution
		SolutionGuid = {4FF6CA63-2E41-4834-8F83-14C25149509B}
	EndGlobalSection
EndGlobal
